<?xml version="1.0"?>
<CONFIG>
  <ProjectOptions>
    <Version Value="9"/>
    <PathDelim Value="\"/>
    <General>
      <Flags>
        <MainUnitHasUsesSectionForAllUnits Value="False"/>
        <MainUnitHasCreateFormStatements Value="False"/>
        <MainUnitHasTitleStatement Value="False"/>
      </Flags>
      <MainUnit Value="0"/>
      <Title Value="MultiPult"/>
      <ResourceType Value="res"/>
      <UseXPManifest Value="True"/>
      <Icon Value="0"/>
      <ActiveWindowIndexAtStart Value="0"/>
    </General>
    <i18n>
      <EnableI18N LFM="False"/>
    </i18n>
    <VersionInfo>
      <StringTable ProductVersion=""/>
    </VersionInfo>
    <BuildModes Count="1" Active="Default">
      <Item1 Name="Default" Default="True"/>
    </BuildModes>
    <PublishOptions>
      <Version Value="2"/>
      <IncludeFileFilter Value="*.(pas|pp|inc|lfm|lpr|lrs|lpi|lpk|sh|xml)"/>
      <ExcludeFileFilter Value="*.(bak|ppu|o|so);*~;backup"/>
    </PublishOptions>
    <RunParams>
      <local>
        <FormatVersion Value="1"/>
      </local>
    </RunParams>
    <RequiredPackages Count="2">
      <Item1>
        <PackageName Value="WA2010"/>
      </Item1>
      <Item2>
        <PackageName Value="LCL"/>
      </Item2>
    </RequiredPackages>
    <Units Count="46">
      <Unit0>
        <Filename Value="MultiPult.dpr"/>
        <IsPartOfProject Value="True"/>
        <UnitName Value="MultiPult"/>
        <WindowIndex Value="0"/>
        <TopLine Value="1"/>
        <CursorPos X="2" Y="29"/>
        <UsageCount Value="23"/>
        <DefaultSyntaxHighlighter Value="Delphi"/>
      </Unit0>
      <Unit1>
        <Filename Value="MainFormUnit.pas"/>
        <IsPartOfProject Value="True"/>
        <HasResources Value="True"/>
        <UnitName Value="MainFormUnit"/>
        <WindowIndex Value="0"/>
        <TopLine Value="313"/>
        <CursorPos X="1" Y="334"/>
        <UsageCount Value="23"/>
        <DefaultSyntaxHighlighter Value="Delphi"/>
      </Unit1>
      <Unit2>
        <Filename Value="WaveAudio\WaveACM.pas"/>
        <UnitName Value="WaveACM"/>
        <WindowIndex Value="0"/>
        <TopLine Value="1"/>
        <CursorPos X="1" Y="1"/>
        <UsageCount Value="21"/>
        <DefaultSyntaxHighlighter Value="Delphi"/>
      </Unit2>
      <Unit3>
        <Filename Value="WaveAudio\WaveIn.pas"/>
        <UnitName Value="WaveIn"/>
        <WindowIndex Value="0"/>
        <TopLine Value="1"/>
        <CursorPos X="1" Y="1"/>
        <UsageCount Value="21"/>
        <DefaultSyntaxHighlighter Value="Delphi"/>
      </Unit3>
      <Unit4>
        <Filename Value="WaveAudio\WaveIO.pas"/>
        <UnitName Value="WaveIO"/>
        <WindowIndex Value="0"/>
        <TopLine Value="474"/>
        <CursorPos X="93" Y="497"/>
        <UsageCount Value="21"/>
        <DefaultSyntaxHighlighter Value="Delphi"/>
      </Unit4>
      <Unit5>
        <Filename Value="WaveAudio\WaveMixer.pas"/>
        <UnitName Value="WaveMixer"/>
        <WindowIndex Value="0"/>
        <TopLine Value="183"/>
        <CursorPos X="60" Y="191"/>
        <UsageCount Value="21"/>
        <Bookmarks Count="1">
          <Item0 X="1" Y="194" ID="1"/>
        </Bookmarks>
        <DefaultSyntaxHighlighter Value="Delphi"/>
      </Unit5>
      <Unit6>
        <Filename Value="WaveAudio\WaveOut.pas"/>
        <UnitName Value="WaveOut"/>
        <WindowIndex Value="0"/>
        <TopLine Value="1"/>
        <CursorPos X="1" Y="1"/>
        <UsageCount Value="21"/>
        <DefaultSyntaxHighlighter Value="Delphi"/>
      </Unit6>
      <Unit7>
        <Filename Value="WaveAudio\WavePlayers.pas"/>
        <UnitName Value="WavePlayers"/>
        <WindowIndex Value="0"/>
        <TopLine Value="1"/>
        <CursorPos X="1" Y="1"/>
        <UsageCount Value="21"/>
        <DefaultSyntaxHighlighter Value="Delphi"/>
      </Unit7>
      <Unit8>
        <Filename Value="WaveAudio\WaveRecorders.pas"/>
        <UnitName Value="WaveRecorders"/>
        <WindowIndex Value="0"/>
        <TopLine Value="1"/>
        <CursorPos X="1" Y="1"/>
        <UsageCount Value="21"/>
        <DefaultSyntaxHighlighter Value="Delphi"/>
      </Unit8>
      <Unit9>
        <Filename Value="WaveAudio\WaveRedirector.pas"/>
        <UnitName Value="WaveRedirector"/>
        <WindowIndex Value="0"/>
        <TopLine Value="1"/>
        <CursorPos X="1" Y="1"/>
        <UsageCount Value="21"/>
        <DefaultSyntaxHighlighter Value="Delphi"/>
      </Unit9>
      <Unit10>
        <Filename Value="WaveAudio\WaveStorage.pas"/>
        <UnitName Value="WaveStorage"/>
        <WindowIndex Value="0"/>
        <TopLine Value="1"/>
        <CursorPos X="1" Y="1"/>
        <UsageCount Value="21"/>
        <DefaultSyntaxHighlighter Value="Delphi"/>
      </Unit10>
      <Unit11>
        <Filename Value="WaveAudio\WaveTimer.pas"/>
        <UnitName Value="WaveTimer"/>
        <WindowIndex Value="0"/>
        <TopLine Value="1"/>
        <CursorPos X="1" Y="1"/>
        <UsageCount Value="21"/>
        <DefaultSyntaxHighlighter Value="Delphi"/>
      </Unit11>
      <Unit12>
        <Filename Value="WaveAudio\WaveUtils.pas"/>
        <UnitName Value="WaveUtils"/>
        <WindowIndex Value="0"/>
        <TopLine Value="1"/>
        <CursorPos X="1" Y="1"/>
        <UsageCount Value="21"/>
        <DefaultSyntaxHighlighter Value="Delphi"/>
      </Unit12>
      <Unit13>
        <Filename Value="avi_work\AVICompression.pas"/>
        <UnitName Value="AVICompression"/>
        <WindowIndex Value="0"/>
        <TopLine Value="292"/>
        <CursorPos X="1" Y="320"/>
        <UsageCount Value="21"/>
        <DefaultSyntaxHighlighter Value="Delphi"/>
      </Unit13>
      <Unit14>
        <Filename Value="avi_work\AVIFile32.pas"/>
        <UnitName Value="AVIFile32"/>
        <WindowIndex Value="0"/>
        <TopLine Value="10"/>
        <CursorPos X="5" Y="32"/>
        <UsageCount Value="21"/>
        <DefaultSyntaxHighlighter Value="Delphi"/>
      </Unit14>
      <Unit15>
        <Filename Value="avi_work\vfw.pas"/>
        <UnitName Value="VFW"/>
        <WindowIndex Value="0"/>
        <TopLine Value="82"/>
        <CursorPos X="27" Y="89"/>
        <UsageCount Value="21"/>
        <DefaultSyntaxHighlighter Value="Delphi"/>
      </Unit15>
      <Unit16>
        <Filename Value="C:\lazarus\fpc\2.4.2\source\packages\winunits-base\src\mmsystem.pp"/>
        <UnitName Value="mmsystem"/>
        <WindowIndex Value="0"/>
        <TopLine Value="960"/>
        <CursorPos X="30" Y="984"/>
        <UsageCount Value="10"/>
      </Unit16>
      <Unit17>
        <Filename Value="Gauges.pas"/>
        <UnitName Value="Gauges"/>
        <WindowIndex Value="0"/>
        <TopLine Value="52"/>
        <CursorPos X="5" Y="75"/>
        <UsageCount Value="11"/>
        <DefaultSyntaxHighlighter Value="Delphi"/>
      </Unit17>
      <Unit18>
        <Filename Value="C:\lazarus\fpc\2.4.2\source\rtl\objpas\rtlconst.inc"/>
        <WindowIndex Value="0"/>
        <TopLine Value="179"/>
        <CursorPos X="1" Y="218"/>
        <UsageCount Value="10"/>
      </Unit18>
      <Unit19>
        <Filename Value="C:\lazarus\components\rx\placement.pp"/>
        <UnitName Value="Placement"/>
        <WindowIndex Value="0"/>
        <TopLine Value="185"/>
        <CursorPos X="26" Y="208"/>
        <UsageCount Value="10"/>
      </Unit19>
      <Unit20>
        <Filename Value="C:\lazarus\components\rx\strholder.pp"/>
        <UnitName Value="StrHolder"/>
        <WindowIndex Value="0"/>
        <TopLine Value="125"/>
        <CursorPos X="3" Y="148"/>
        <UsageCount Value="10"/>
      </Unit20>
      <Unit21>
        <Filename Value="C:\lazarus\fpc\2.4.2\source\rtl\objpas\typinfo.pp"/>
        <UnitName Value="typinfo"/>
        <WindowIndex Value="0"/>
        <TopLine Value="1"/>
        <CursorPos X="32" Y="31"/>
        <UsageCount Value="10"/>
      </Unit21>
      <Unit22>
        <Filename Value="C:\lazarus\components\turbopower_ipro\iphtml.pas"/>
        <UnitName Value="IpHtml"/>
        <WindowIndex Value="0"/>
        <TopLine Value="4023"/>
        <CursorPos X="11" Y="4209"/>
        <UsageCount Value="11"/>
      </Unit22>
      <Unit23>
        <Filename Value="C:\lazarus\fpc\2.4.2\source\rtl\objpas\classes\classesh.inc"/>
        <WindowIndex Value="0"/>
        <TopLine Value="10"/>
        <CursorPos X="12" Y="33"/>
        <UsageCount Value="10"/>
      </Unit23>
      <Unit24>
        <Filename Value="C:\lazarus\fpc\2.4.2\source\rtl\win32\classes.pp"/>
        <UnitName Value="Classes"/>
        <WindowIndex Value="0"/>
        <TopLine Value="5"/>
        <CursorPos X="3" Y="28"/>
        <UsageCount Value="10"/>
      </Unit24>
      <Unit25>
        <Filename Value="C:\lazarus\fpc\2.4.2\source\rtl\os2\pmbitmap.pas"/>
        <UnitName Value="PMBitmap"/>
        <WindowIndex Value="0"/>
        <TopLine Value="54"/>
        <CursorPos X="29" Y="76"/>
        <UsageCount Value="10"/>
      </Unit25>
      <Unit26>
        <Filename Value="C:\lazarus\ide\main.pp"/>
        <UnitName Value="Main"/>
        <WindowIndex Value="0"/>
        <TopLine Value="2153"/>
        <CursorPos X="15" Y="2175"/>
        <UsageCount Value="10"/>
      </Unit26>
      <Unit27>
        <Filename Value="C:\lazarus\components\codetools\fileprocs.pas"/>
        <UnitName Value="FileProcs"/>
        <WindowIndex Value="0"/>
        <TopLine Value="1"/>
        <CursorPos X="16" Y="283"/>
        <UsageCount Value="10"/>
      </Unit27>
      <Unit28>
        <Filename Value="C:\lazarus\lcl\include\winfileutil.inc"/>
        <WindowIndex Value="0"/>
        <TopLine Value="495"/>
        <CursorPos X="17" Y="517"/>
        <UsageCount Value="10"/>
      </Unit28>
      <Unit29>
        <Filename Value="C:\lazarus\tools\iconvtable.pas"/>
        <UnitName Value="iconvtable"/>
        <WindowIndex Value="0"/>
        <TopLine Value="3"/>
        <CursorPos X="45" Y="25"/>
        <UsageCount Value="11"/>
      </Unit29>
      <Unit30>
        <Filename Value="C:\lazarus\lcl\forms.pp"/>
        <UnitName Value="Forms"/>
        <WindowIndex Value="0"/>
        <TopLine Value="575"/>
        <CursorPos X="14" Y="601"/>
        <UsageCount Value="11"/>
      </Unit30>
      <Unit31>
        <Filename Value="C:\lazarus\lcl\include\application.inc"/>
        <WindowIndex Value="0"/>
        <TopLine Value="1104"/>
        <CursorPos X="27" Y="1126"/>
        <UsageCount Value="10"/>
      </Unit31>
      <Unit32>
        <Filename Value="C:\lazarus\fpc\2.4.2\source\packages\fcl-base\src\custapp.pp"/>
        <UnitName Value="CustApp"/>
        <WindowIndex Value="0"/>
        <TopLine Value="229"/>
        <CursorPos X="13" Y="273"/>
        <UsageCount Value="10"/>
      </Unit32>
      <Unit33>
        <Filename Value="C:\lazarus\components\aggpas\src\Agg2D.pas"/>
        <UnitName Value="Agg2D"/>
        <WindowIndex Value="0"/>
        <TopLine Value="991"/>
        <CursorPos X="39" Y="1007"/>
        <UsageCount Value="11"/>
      </Unit33>
      <Unit34>
        <Filename Value="C:\lazarus\lcl\graphics.pp"/>
        <UnitName Value="Graphics"/>
        <WindowIndex Value="0"/>
        <TopLine Value="1779"/>
        <CursorPos X="14" Y="1811"/>
        <UsageCount Value="11"/>
      </Unit34>
      <Unit35>
        <Filename Value="C:\lazarus\lcl\lclproc.pas"/>
        <UnitName Value="LCLProc"/>
        <WindowIndex Value="0"/>
        <TopLine Value="107"/>
        <CursorPos X="10" Y="129"/>
        <UsageCount Value="11"/>
      </Unit35>
      <Unit36>
        <Filename Value="C:\lazarus\fpc\2.4.2\source\packages\winunits-jedi\src\jwawinbase.pas"/>
        <UnitName Value="JwaWinBase"/>
        <WindowIndex Value="0"/>
        <TopLine Value="9"/>
        <CursorPos X="6" Y="45"/>
        <UsageCount Value="10"/>
      </Unit36>
      <Unit37>
        <Filename Value="C:\lazarus\fpc\2.4.2\source\packages\fcl-image\src\fpwritebmp.pp"/>
        <UnitName Value="FPWriteBMP"/>
        <WindowIndex Value="0"/>
        <TopLine Value="10"/>
        <CursorPos X="15" Y="31"/>
        <UsageCount Value="10"/>
      </Unit37>
      <Unit38>
        <Filename Value="C:\lazarus\lcl\intfgraphics.pas"/>
        <UnitName Value="IntfGraphics"/>
        <WindowIndex Value="0"/>
        <TopLine Value="3405"/>
        <CursorPos X="10" Y="3418"/>
        <UsageCount Value="11"/>
      </Unit38>
      <Unit39>
        <Filename Value="C:\lazarus\lcl\lmessages.pp"/>
        <UnitName Value="LMessages"/>
        <WindowIndex Value="0"/>
        <TopLine Value="1"/>
        <CursorPos X="41" Y="4"/>
        <UsageCount Value="10"/>
      </Unit39>
      <Unit40>
        <Filename Value="C:\lazarus\fpc\2.6.0\source\packages\fcl-image\src\fpreadjpeg.pas"/>
        <UnitName Value="FPReadJPEG"/>
        <WindowIndex Value="0"/>
        <TopLine Value="20"/>
        <CursorPos X="16" Y="20"/>
        <UsageCount Value="10"/>
      </Unit40>
      <Unit41>
        <Filename Value="C:\lazarus\fpc\2.6.0\source\packages\winunits-base\src\mmsystem.pp"/>
        <UnitName Value="mmsystem"/>
        <WindowIndex Value="0"/>
        <TopLine Value="1551"/>
        <CursorPos X="30" Y="1584"/>
        <UsageCount Value="10"/>
      </Unit41>
      <Unit42>
        <Filename Value="WaveAudio\WA2010.pas"/>
        <UnitName Value="WA2010"/>
        <IsVisibleTab Value="True"/>
        <EditorIndex Value="0"/>
        <WindowIndex Value="0"/>
        <TopLine Value="1"/>
        <CursorPos X="12" Y="10"/>
        <UsageCount Value="10"/>
        <Loaded Value="True"/>
        <DefaultSyntaxHighlighter Value="Delphi"/>
      </Unit42>
      <Unit43>
        <Filename Value="WaveAudio\WaveReg.pas"/>
        <UnitName Value="WaveReg"/>
        <WindowIndex Value="0"/>
        <TopLine Value="1"/>
        <CursorPos X="49" Y="15"/>
        <UsageCount Value="10"/>
        <DefaultSyntaxHighlighter Value="Delphi"/>
      </Unit43>
      <Unit44>
        <Filename Value="C:\lazarus\ide\lazarus.pp"/>
        <UnitName Value="Lazarus"/>
        <WindowIndex Value="0"/>
        <TopLine Value="1"/>
        <CursorPos X="1" Y="1"/>
        <UsageCount Value="10"/>
      </Unit44>
      <Unit45>
        <Filename Value="MainFormUnit.dfm"/>
        <TopLine Value="169"/>
        <CursorPos X="10" Y="183"/>
        <UsageCount Value="10"/>
        <DefaultSyntaxHighlighter Value="LFM"/>
      </Unit45>
    </Units>
    <JumpHistory Count="0" HistoryIndex="-1"/>
  </ProjectOptions>
  <CompilerOptions>
    <Version Value="11"/>
    <PathDelim Value="\"/>
    <Target>
      <Filename Value="E:\Develops\MultiPult\bin\MultiPultLaz.exe"/>
    </Target>
    <SearchPaths>
      <IncludeFiles Value="WaveAudio;avi_work;$(ProjOutDir)"/>
      <UnitOutputDirectory Value="E:\Develops\MultiPult\dcu"/>
    </SearchPaths>
    <Parsing>
      <SyntaxOptions>
        <SyntaxMode Value="Delphi"/>
      </SyntaxOptions>
    </Parsing>
    <Other>
      <CompilerPath Value="$(CompPath)"/>
    </Other>
  </CompilerOptions>
  <Debugging>
    <Exceptions Count="3">
      <Item1>
        <Name Value="EAbort"/>
      </Item1>
      <Item2>
        <Name Value="ECodetoolError"/>
      </Item2>
      <Item3>
        <Name Value="EFOpenError"/>
      </Item3>
    </Exceptions>
  </Debugging>
</CONFIG>
