<Project xmlns="http://schemas.microsoft.com/developer/msbuild/2003">
    <PropertyGroup>
        <ProjectGuid>{EC55AEFF-ACC0-46D5-B261-AADB0AEAE041}</ProjectGuid>
        <ProjectVersion>18.7</ProjectVersion>
        <FrameworkType>VCL</FrameworkType>
        <MainSource>WebcamMultFrameCapture.dpr</MainSource>
        <Base>True</Base>
        <Config Condition="'$(Config)'==''">Debug</Config>
        <DCC_DCCCompiler>DCC32</DCC_DCCCompiler>
        <Platform>Win32</Platform>
        <Platform Condition="'$(Platform)'==''">Win32</Platform>
        <TargetedPlatforms>1</TargetedPlatforms>
        <AppType>Application</AppType>
    </PropertyGroup>
    <PropertyGroup Condition="'$(Config)'=='Base' or '$(Base)'!=''">
        <Base>true</Base>
    </PropertyGroup>
    <PropertyGroup Condition="('$(Platform)'=='Win32' and '$(Base)'=='true') or '$(Base_Win32)'!=''">
        <Base_Win32>true</Base_Win32>
        <CfgParent>Base</CfgParent>
        <Base>true</Base>
    </PropertyGroup>
    <PropertyGroup Condition="'$(Config)'=='Debug' or '$(Cfg_1)'!=''">
        <Cfg_1>true</Cfg_1>
        <CfgParent>Base</CfgParent>
        <Base>true</Base>
    </PropertyGroup>
    <PropertyGroup Condition="('$(Platform)'=='Win32' and '$(Cfg_1)'=='true') or '$(Cfg_1_Win32)'!=''">
        <Cfg_1_Win32>true</Cfg_1_Win32>
        <CfgParent>Cfg_1</CfgParent>
        <Cfg_1>true</Cfg_1>
        <Base>true</Base>
    </PropertyGroup>
    <PropertyGroup Condition="'$(Config)'=='Release' or '$(Cfg_2)'!=''">
        <Cfg_2>true</Cfg_2>
        <CfgParent>Base</CfgParent>
        <Base>true</Base>
    </PropertyGroup>
    <PropertyGroup Condition="'$(Base)'!=''">
        <Icon_MainIcon>WebcamMultFrameCapture_Icon.ico</Icon_MainIcon>
        <ImageDebugInfo>true</ImageDebugInfo>
        <SanitizedProjectName>WebcamMultFrameCapture</SanitizedProjectName>
        <VerInfo_Locale>1049</VerInfo_Locale>
        <VerInfo_PreRelease>true</VerInfo_PreRelease>
        <VerInfo_Keys>CompanyName=МультиСтудия;FileVersion=0.9.80.0;InternalName=WebcamMultFrameCapture;LegalCopyright=МультиСтудия, Москва, 2019;OriginalFilename=WebcamMultFrameCapture.exe;ProductName=Получение кадров с веб-камеры (отдельно от МультиПульта);ProductVersion=0.9</VerInfo_Keys>
        <VerInfo_IncludeVerInfo>true</VerInfo_IncludeVerInfo>
        <VerInfo_Release>80</VerInfo_Release>
        <DCC_Namespace>Vcl;Vcl.Imaging;Vcl.Touch;Vcl.Samples;Vcl.Shell;System;Xml;Data;Datasnap;Web;Soap;Winapi;$(DCC_Namespace)</DCC_Namespace>
        <Manifest_File>$(BDS)\bin\default_app.manifest</Manifest_File>
        <DCC_Inlining>off</DCC_Inlining>
        <DCC_IntegerOverflowCheck>true</DCC_IntegerOverflowCheck>
        <DCC_OutputDependencies>true</DCC_OutputDependencies>
        <DCC_DebugDCUs>true</DCC_DebugDCUs>
        <VerInfo_MinorVer>9</VerInfo_MinorVer>
        <VerInfo_MajorVer>0</VerInfo_MajorVer>
        <DCC_ExeOutput>..\bin\</DCC_ExeOutput>
        <DCC_DcuOutput>..\dcu\</DCC_DcuOutput>
        <DCC_UnitSearchPath>newac\src;$(DELPHI)\Lib\Debug;$(DCC_UnitSearchPath)</DCC_UnitSearchPath>
        <DCC_Optimize>false</DCC_Optimize>
        <DCC_GenerateStackFrames>true</DCC_GenerateStackFrames>
        <DCC_DebugInfoInExe>true</DCC_DebugInfoInExe>
        <DCC_N>true</DCC_N>
        <DCC_S>false</DCC_S>
        <DCC_K>false</DCC_K>
        <DCC_E>false</DCC_E>
        <DCC_F>false</DCC_F>
    </PropertyGroup>
    <PropertyGroup Condition="'$(Base_Win32)'!=''">
        <UWP_DelphiLogo44>$(BDS)\bin\Artwork\Windows\UWP\delphi_UwpDefault_44.png</UWP_DelphiLogo44>
        <UWP_DelphiLogo150>$(BDS)\bin\Artwork\Windows\UWP\delphi_UwpDefault_150.png</UWP_DelphiLogo150>
    </PropertyGroup>
    <PropertyGroup Condition="'$(Cfg_1)'!=''">
        <DCC_Define>DEBUG;$(DCC_Define)</DCC_Define>
    </PropertyGroup>
    <PropertyGroup Condition="'$(Cfg_1_Win32)'!=''">
        <BT_BuildType>Debug</BT_BuildType>
        <DCC_DebugInfoInTds>true</DCC_DebugInfoInTds>
    </PropertyGroup>
    <ItemGroup>
        <DelphiCompile Include="$(MainSource)">
            <MainSource>MainSource</MainSource>
        </DelphiCompile>
        <DCCReference Include="WaveAudio\WaveACM.pas"/>
        <DCCReference Include="WaveAudio\WaveTimer.pas"/>
        <DCCReference Include="WaveAudio\WaveUtils.pas"/>
        <DCCReference Include="Webcam_Capture_V2\Common\DirectX\DXTypes.pas"/>
        <DCCReference Include="Webcam_Capture_V2\Common\VFrames.pas"/>
        <DCCReference Include="Webcam_Capture_V2\Common\VSample.pas"/>
        <DCCReference Include="Webcam_Capture_V2\Common\DirectX\Direct3D9.pas"/>
        <DCCReference Include="Webcam_Capture_V2\Common\DirectX\DirectDraw.pas"/>
        <DCCReference Include="Webcam_Capture_V2\Common\DirectX\DirectShow9.pas"/>
        <DCCReference Include="Webcam_Capture_V2\Common\DirectX\DirectSound.pas"/>
        <DCCReference Include="CameraFormUnit.pas">
            <Form>CameraForm</Form>
            <FormType>dfm</FormType>
        </DCCReference>
        <DCCReference Include="ScreenFormUnit.pas">
            <Form>ScreenForm</Form>
            <FormType>dfm</FormType>
        </DCCReference>
        <DCCReference Include="DirMon.pas"/>
        <DCCReference Include="UtilsUnit.pas"/>
        <BuildConfiguration Include="Release">
            <Key>Cfg_2</Key>
            <CfgParent>Base</CfgParent>
        </BuildConfiguration>
        <BuildConfiguration Include="Base">
            <Key>Base</Key>
        </BuildConfiguration>
        <BuildConfiguration Include="Debug">
            <Key>Cfg_1</Key>
            <CfgParent>Base</CfgParent>
        </BuildConfiguration>
    </ItemGroup>
    <ProjectExtensions>
        <Borland.Personality>Delphi.Personality.12</Borland.Personality>
        <Borland.ProjectType>VCLApplication</Borland.ProjectType>
        <BorlandProject>
            <Delphi.Personality>
                <Source>
                    <Source Name="MainSource">WebcamMultFrameCapture.dpr</Source>
                </Source>
                <Excluded_Packages>
                    <Excluded_Packages Name="$(BDSBIN)\dcloffice2k260.bpl">Microsoft Office 2000 Sample Automation Server Wrapper Components</Excluded_Packages>
                    <Excluded_Packages Name="$(BDSBIN)\dclofficexp260.bpl">Microsoft Office XP Sample Automation Server Wrapper Components</Excluded_Packages>
                </Excluded_Packages>
            </Delphi.Personality>
            <Platforms>
                <Platform value="Win32">True</Platform>
            </Platforms>
            <ModelSupport>False</ModelSupport>
        </BorlandProject>
        <ProjectFileVersion>12</ProjectFileVersion>
    </ProjectExtensions>
    <Import Project="$(BDS)\Bin\CodeGear.Delphi.Targets" Condition="Exists('$(BDS)\Bin\CodeGear.Delphi.Targets')"/>
    <Import Project="$(APPDATA)\Embarcadero\$(BDSAPPDATABASEDIR)\$(PRODUCTVERSION)\UserTools.proj" Condition="Exists('$(APPDATA)\Embarcadero\$(BDSAPPDATABASEDIR)\$(PRODUCTVERSION)\UserTools.proj')"/>
</Project>
